<?xml version="1.0" encoding="utf-8"?>
<Project ToolsVersion="4.0" xmlns="http://schemas.microsoft.com/developer/msbuild/2003">
  <ItemGroup>
    <Filter Include="Source Files">
      <UniqueIdentifier>{4FC737F1-C7A5-4376-A066-2A32D752A2FF}</UniqueIdentifier>
      <Extensions>cpp;c;cc;cxx;def;odl;idl;hpj;bat;asm;asmx</Extensions>
    </Filter>
    <Filter Include="Header Files">
      <UniqueIdentifier>{93995380-89BD-4b04-88EB-625FBE52EBFB}</UniqueIdentifier>
      <Extensions>h;hpp;hxx;hm;inl;inc;xsd</Extensions>
    </Filter>
  </ItemGroup>
  <ItemGroup>
    <ClInclude Include="cmds.h">
      <Filter>Header Files</Filter>
    </ClInclude>
    <ClInclude Include="myopts.h">
      <Filter>Header Files</Filter>
    </ClInclude>
    <ClInclude Include="myutils.h">
      <Filter>Header Files</Filter>
    </ClInclude>
    <ClInclude Include="tree.h">
      <Filter>Header Files</Filter>
    </ClInclude>
    <ClInclude Include="countsort.h">
      <Filter>Header Files</Filter>
    </ClInclude>
    <ClInclude Include="sort.h">
      <Filter>Header Files</Filter>
    </ClInclude>
    <ClInclude Include="biffer.h">
      <Filter>Header Files</Filter>
    </ClInclude>
    <ClInclude Include="featuretable.h">
      <Filter>Header Files</Filter>
    </ClInclude>
    <ClInclude Include="newicktree.h">
      <Filter>Header Files</Filter>
    </ClInclude>
    <ClInclude Include="tree2.h">
      <Filter>Header Files</Filter>
    </ClInclude>
    <ClInclude Include="quarts.h">
      <Filter>Header Files</Filter>
    </ClInclude>
    <ClInclude Include="layout.h">
      <Filter>Header Files</Filter>
    </ClInclude>
    <ClInclude Include="svg.h">
      <Filter>Header Files</Filter>
    </ClInclude>
    <ClInclude Include="splitter.h">
      <Filter>Header Files</Filter>
    </ClInclude>
    <ClInclude Include="clustermaker.h">
      <Filter>Header Files</Filter>
    </ClInclude>
    <ClInclude Include="newickparser2.h">
      <Filter>Header Files</Filter>
    </ClInclude>
    <ClInclude Include="newicklexer.h">
      <Filter>Header Files</Filter>
    </ClInclude>
    <ClInclude Include="newick_token.h">
      <Filter>Header Files</Filter>
    </ClInclude>
    <ClInclude Include="biparter.h">
      <Filter>Header Files</Filter>
    </ClInclude>
    <ClInclude Include="murmur.h">
      <Filter>Header Files</Filter>
    </ClInclude>
    <ClInclude Include="treen.h">
      <Filter>Header Files</Filter>
    </ClInclude>
    <ClInclude Include="usage.h">
      <Filter>Header Files</Filter>
    </ClInclude>
    <ClInclude Include="supermaker.h">
      <Filter>Header Files</Filter>
    </ClInclude>
    <ClInclude Include="consmaker.h">
      <Filter>Header Files</Filter>
    </ClInclude>
    <ClInclude Include="consorder.h">
      <Filter>Header Files</Filter>
    </ClInclude>
    <ClInclude Include="treex.h">
      <Filter>Header Files</Filter>
    </ClInclude>
    <ClInclude Include="gobuff.h">
      <Filter>Header Files</Filter>
    </ClInclude>
    <ClInclude Include="biparterx.h">
      <Filter>Header Files</Filter>
    </ClInclude>
    <ClInclude Include="consmakerx.h">
      <Filter>Header Files</Filter>
    </ClInclude>
    <ClInclude Include="taxer.h">
      <Filter>Header Files</Filter>
    </ClInclude>
    <ClInclude Include="divconker.h">
      <Filter>Header Files</Filter>
    </ClInclude>
  </ItemGroup>
  <ItemGroup>
    <ClCompile Include="myutils.cpp">
      <Filter>Source Files</Filter>
    </ClCompile>
    <ClCompile Include="newick_main.cpp">
      <Filter>Source Files</Filter>
    </ClCompile>
    <ClCompile Include="stringsfromfile.cpp">
      <Filter>Source Files</Filter>
    </ClCompile>
    <ClCompile Include="stats.cpp">
      <Filter>Source Files</Filter>
    </ClCompile>
    <ClCompile Include="subtree.cpp">
      <Filter>Source Files</Filter>
    </ClCompile>
    <ClCompile Include="subset.cpp">
      <Filter>Source Files</Filter>
    </ClCompile>
    <ClCompile Include="murmurhash.cpp">
      <Filter>Source Files</Filter>
    </ClCompile>
    <ClCompile Include="getlabels.cpp">
      <Filter>Source Files</Filter>
    </ClCompile>
    <ClCompile Include="featuretable.cpp">
      <Filter>Source Files</Filter>
    </ClCompile>
    <ClCompile Include="syncft.cpp">
      <Filter>Source Files</Filter>
    </ClCompile>
    <ClCompile Include="relabel.cpp">
      <Filter>Source Files</Filter>
    </ClCompile>
    <ClCompile Include="intlabel.cpp">
      <Filter>Source Files</Filter>
    </ClCompile>
    <ClCompile Include="syncftacc.cpp">
      <Filter>Source Files</Filter>
    </ClCompile>
    <ClCompile Include="relabelacc.cpp">
      <Filter>Source Files</Filter>
    </ClCompile>
    <ClCompile Include="newicktree.cpp">
      <Filter>Source Files</Filter>
    </ClCompile>
    <ClCompile Include="tree2.cpp">
      <Filter>Source Files</Filter>
    </ClCompile>
    <ClCompile Include="subsetnodes.cpp">
      <Filter>Source Files</Filter>
    </ClCompile>
    <ClCompile Include="reroot.cpp">
      <Filter>Source Files</Filter>
    </ClCompile>
    <ClCompile Include="randtree.cpp">
      <Filter>Source Files</Filter>
    </ClCompile>
    <ClCompile Include="quarts.cpp">
      <Filter>Source Files</Filter>
    </ClCompile>
    <ClCompile Include="tsv.cpp">
      <Filter>Source Files</Filter>
    </ClCompile>
    <ClCompile Include="ladderize.cpp">
      <Filter>Source Files</Filter>
    </ClCompile>
    <ClCompile Include="rotate.cpp">
      <Filter>Source Files</Filter>
    </ClCompile>
    <ClCompile Include="relabeln.cpp">
      <Filter>Source Files</Filter>
    </ClCompile>
    <ClCompile Include="svg.cpp">
      <Filter>Source Files</Filter>
    </ClCompile>
    <ClCompile Include="draw.cpp">
      <Filter>Source Files</Filter>
    </ClCompile>
    <ClCompile Include="drawf.cpp">
      <Filter>Source Files</Filter>
    </ClCompile>
    <ClCompile Include="layout.cpp">
      <Filter>Source Files</Filter>
    </ClCompile>
    <ClCompile Include="diameter.cpp">
      <Filter>Source Files</Filter>
    </ClCompile>
    <ClCompile Include="split.cpp">
      <Filter>Source Files</Filter>
    </ClCompile>
    <ClCompile Include="clustermaker.cpp">
      <Filter>Source Files</Filter>
    </ClCompile>
    <ClCompile Include="cluster2.cpp">
      <Filter>Source Files</Filter>
    </ClCompile>
    <ClCompile Include="drawfs.cpp">
      <Filter>Source Files</Filter>
    </ClCompile>
    <ClCompile Include="rootbyhalves.cpp">
      <Filter>Source Files</Filter>
    </ClCompile>
    <ClCompile Include="cladogram.cpp">
      <Filter>Source Files</Filter>
    </ClCompile>
    <ClCompile Include="newickparser2.cpp">
      <Filter>Source Files</Filter>
    </ClCompile>
    <ClCompile Include="newicklexer.cpp">
      <Filter>Source Files</Filter>
    </ClCompile>
    <ClCompile Include="newick_token.cpp">
      <Filter>Source Files</Filter>
    </ClCompile>
    <ClCompile Include="biparter.cpp">
      <Filter>Source Files</Filter>
    </ClCompile>
    <ClCompile Include="rofo3.cpp">
      <Filter>Source Files</Filter>
    </ClCompile>
    <ClCompile Include="treesfromdata.cpp">
      <Filter>Source Files</Filter>
    </ClCompile>
    <ClCompile Include="rofos.cpp">
      <Filter>Source Files</Filter>
    </ClCompile>
    <ClCompile Include="taxq.cpp">
      <Filter>Source Files</Filter>
    </ClCompile>
    <ClCompile Include="bootq.cpp">
      <Filter>Source Files</Filter>
    </ClCompile>
    <ClCompile Include="conf.cpp">
      <Filter>Source Files</Filter>
    </ClCompile>
    <ClCompile Include="condense.cpp">
      <Filter>Source Files</Filter>
    </ClCompile>
    <ClCompile Include="relabelf.cpp">
      <Filter>Source Files</Filter>
    </ClCompile>
    <ClCompile Include="topo.cpp">
      <Filter>Source Files</Filter>
    </ClCompile>
    <ClCompile Include="fixft.cpp">
      <Filter>Source Files</Filter>
    </ClCompile>
    <ClCompile Include="deleteleaves.cpp">
      <Filter>Source Files</Filter>
    </ClCompile>
    <ClCompile Include="treen.cpp">
      <Filter>Source Files</Filter>
    </ClCompile>
    <ClCompile Include="rootbyoutgroup.cpp">
      <Filter>Source Files</Filter>
    </ClCompile>
    <ClCompile Include="collapse.cpp">
      <Filter>Source Files</Filter>
    </ClCompile>
    <ClCompile Include="cladeq.cpp">
      <Filter>Source Files</Filter>
    </ClCompile>
    <ClCompile Include="lcalabel.cpp">
      <Filter>Source Files</Filter>
    </ClCompile>
    <ClCompile Include="taxtable.cpp">
      <Filter>Source Files</Filter>
    </ClCompile>
    <ClCompile Include="conf2.cpp">
      <Filter>Source Files</Filter>
    </ClCompile>
    <ClCompile Include="confcmps.cpp">
      <Filter>Source Files</Filter>
    </ClCompile>
    <ClCompile Include="correl2.cpp">
      <Filter>Source Files</Filter>
    </ClCompile>
    <ClCompile Include="taxq2.cpp">
      <Filter>Source Files</Filter>
    </ClCompile>
    <ClCompile Include="mono.cpp">
      <Filter>Source Files</Filter>
    </ClCompile>
    <ClCompile Include="getlcas.cpp">
      <Filter>Source Files</Filter>
    </ClCompile>
    <ClCompile Include="usage.cpp">
      <Filter>Source Files</Filter>
    </ClCompile>
    <ClCompile Include="bestfitsubtree.cpp">
      <Filter>Source Files</Filter>
    </ClCompile>
    <ClCompile Include="colors.cpp">
      <Filter>Source Files</Filter>
    </ClCompile>
    <ClCompile Include="featuretablefromtree.cpp">
      <Filter>Source Files</Filter>
    </ClCompile>
    <ClCompile Include="findgroups.cpp">
      <Filter>Source Files</Filter>
    </ClCompile>
    <ClCompile Include="shrink.cpp">
      <Filter>Source Files</Filter>
    </ClCompile>
    <ClCompile Include="supercluster.cpp">
      <Filter>Source Files</Filter>
    </ClCompile>
    <ClCompile Include="supermaker.cpp">
      <Filter>Source Files</Filter>
    </ClCompile>
    <ClCompile Include="consensus.cpp">
      <Filter>Source Files</Filter>
    </ClCompile>
    <ClCompile Include="consmaker.cpp">
      <Filter>Source Files</Filter>
    </ClCompile>
    <ClCompile Include="consorder.cpp">
      <Filter>Source Files</Filter>
    </ClCompile>
    <ClCompile Include="addrootlabel.cpp">
      <Filter>Source Files</Filter>
    </ClCompile>
    <ClCompile Include="deletegroup.cpp">
      <Filter>Source Files</Filter>
    </ClCompile>
    <ClCompile Include="deleteoutgroup.cpp">
      <Filter>Source Files</Filter>
    </ClCompile>
    <ClCompile Include="treex.cpp">
      <Filter>Source Files</Filter>
    </ClCompile>
    <ClCompile Include="testx.cpp">
      <Filter>Source Files</Filter>
    </ClCompile>
    <ClCompile Include="rootbyoutgroupx.cpp">
      <Filter>Source Files</Filter>
    </ClCompile>
    <ClCompile Include="biparterx.cpp">
      <Filter>Source Files</Filter>
    </ClCompile>
    <ClCompile Include="consmakerx.cpp">
      <Filter>Source Files</Filter>
    </ClCompile>
    <ClCompile Include="consensusx.cpp">
      <Filter>Source Files</Filter>
    </ClCompile>
    <ClCompile Include="condensex.cpp">
      <Filter>Source Files</Filter>
    </ClCompile>
    <ClCompile Include="getlcasx.cpp">
      <Filter>Source Files</Filter>
    </ClCompile>
    <ClCompile Include="taxqx.cpp">
      <Filter>Source Files</Filter>
    </ClCompile>
    <ClCompile Include="taxer.cpp">
      <Filter>Source Files</Filter>
    </ClCompile>
    <ClCompile Include="tax.cpp">
      <Filter>Source Files</Filter>
    </ClCompile>
    <ClCompile Include="dq.cpp">
      <Filter>Source Files</Filter>
    </ClCompile>
    <ClCompile Include="testdeletesubtree.cpp">
      <Filter>Source Files</Filter>
    </ClCompile>
    <ClCompile Include="getcc.cpp">
      <Filter>Source Files</Filter>
    </ClCompile>
    <ClCompile Include="divconker.cpp">
      <Filter>Source Files</Filter>
    </ClCompile>
    <ClCompile Include="olcs.cpp">
      <Filter>Source Files</Filter>
    </ClCompile>
    <ClCompile Include="getlcasubtrees.cpp">
      <Filter>Source Files</Filter>
    </ClCompile>
  </ItemGroup>
</Project>